// !$*UTF8*$!
{
	archiveVersion = 1;
	classes = {
	};
	objectVersion = 46;
	objects = {

/* Begin PBXBuildFile section */
		5E34292917E5ED6C0001BE5F /* UIKit.framework in Frameworks */ = {isa = PBXBuildFile; fileRef = 5E34292817E5ED6C0001BE5F /* UIKit.framework */; };
		5E34292B17E5ED6C0001BE5F /* Foundation.framework in Frameworks */ = {isa = PBXBuildFile; fileRef = 5E34292A17E5ED6C0001BE5F /* Foundation.framework */; };
		5E34292D17E5ED6C0001BE5F /* CoreGraphics.framework in Frameworks */ = {isa = PBXBuildFile; fileRef = 5E34292C17E5ED6C0001BE5F /* CoreGraphics.framework */; };
		5E34293317E5ED6C0001BE5F /* InfoPlist.strings in Resources */ = {isa = PBXBuildFile; fileRef = 5E34293117E5ED6C0001BE5F /* InfoPlist.strings */; };
		5E34293517E5ED6C0001BE5F /* main.m in Sources */ = {isa = PBXBuildFile; fileRef = 5E34293417E5ED6C0001BE5F /* main.m */; };
		5E34293917E5ED6C0001BE5F /* tempAppDelegate.m in Sources */ = {isa = PBXBuildFile; fileRef = 5E34293817E5ED6C0001BE5F /* tempAppDelegate.m */; };
		5E34293B17E5ED6D0001BE5F /* Default.png in Resources */ = {isa = PBXBuildFile; fileRef = 5E34293A17E5ED6D0001BE5F /* Default.png */; };
		5E34293D17E5ED6D0001BE5F /* Default@2x.png in Resources */ = {isa = PBXBuildFile; fileRef = 5E34293C17E5ED6D0001BE5F /* Default@2x.png */; };
		5E34293F17E5ED6D0001BE5F /* Default-568h@2x.png in Resources */ = {isa = PBXBuildFile; fileRef = 5E34293E17E5ED6D0001BE5F /* Default-568h@2x.png */; };
		5E34294217E5ED6D0001BE5F /* tempViewController.m in Sources */ = {isa = PBXBuildFile; fileRef = 5E34294117E5ED6D0001BE5F /* tempViewController.m */; };
		5E34294517E5ED6D0001BE5F /* tempViewController_iPhone.xib in Resources */ = {isa = PBXBuildFile; fileRef = 5E34294317E5ED6D0001BE5F /* tempViewController_iPhone.xib */; };
		5E34294817E5ED6D0001BE5F /* tempViewController_iPad.xib in Resources */ = {isa = PBXBuildFile; fileRef = 5E34294617E5ED6D0001BE5F /* tempViewController_iPad.xib */; };
		5E34294F17E5ED8D0001BE5F /* libsqlite3.dylib in Frameworks */ = {isa = PBXBuildFile; fileRef = 5E34294E17E5ED8D0001BE5F /* libsqlite3.dylib */; };
		5E34295217E5EDB50001BE5F /* DBManager.m in Sources */ = {isa = PBXBuildFile; fileRef = 5E34295117E5EDB50001BE5F /* DBManager.m */; };
		5E695C5A17F5601B0011C6C1 /* db.sqlite in Resources */ = {isa = PBXBuildFile; fileRef = 5E695C5917F5601B0011C6C1 /* db.sqlite */; };
/* End PBXBuildFile section */

/* Begin PBXFileReference section */
		5E34292517E5ED6C0001BE5F /* lab5.app */ = {isa = PBXFileReference; explicitFileType = wrapper.application; includeInIndex = 0; path = lab5.app; sourceTree = BUILT_PRODUCTS_DIR; };
		5E34292817E5ED6C0001BE5F /* UIKit.framework */ = {isa = PBXFileReference; lastKnownFileType = wrapper.framework; name = UIKit.framework; path = System/Library/Frameworks/UIKit.framework; sourceTree = SDKROOT; };
		5E34292A17E5ED6C0001BE5F /* Foundation.framework */ = {isa = PBXFileReference; lastKnownFileType = wrapper.framework; name = Foundation.framework; path = System/Library/Frameworks/Foundation.framework; sourceTree = SDKROOT; };
		5E34292C17E5ED6C0001BE5F /* CoreGraphics.framework */ = {isa = PBXFileReference; lastKnownFileType = wrapper.framework; name = CoreGraphics.framework; path = System/Library/Frameworks/CoreGraphics.framework; sourceTree = SDKROOT; };
		5E34293017E5ED6C0001BE5F /* lab5-Info.plist */ = {isa = PBXFileReference; lastKnownFileType = text.plist.xml; path = "lab5-Info.plist"; sourceTree = "<group>"; };
		5E34293217E5ED6C0001BE5F /* en */ = {isa = PBXFileReference; lastKnownFileType = text.plist.strings; name = en; path = en.lproj/InfoPlist.strings; sourceTree = "<group>"; };
		5E34293417E5ED6C0001BE5F /* main.m */ = {isa = PBXFileReference; lastKnownFileType = sourcecode.c.objc; path = main.m; sourceTree = "<group>"; };
		5E34293617E5ED6C0001BE5F /* lab5-Prefix.pch */ = {isa = PBXFileReference; lastKnownFileType = sourcecode.c.h; path = "lab5-Prefix.pch"; sourceTree = "<group>"; };
		5E34293717E5ED6C0001BE5F /* tempAppDelegate.h */ = {isa = PBXFileReference; lastKnownFileType = sourcecode.c.h; path = tempAppDelegate.h; sourceTree = "<group>"; };
		5E34293817E5ED6C0001BE5F /* tempAppDelegate.m */ = {isa = PBXFileReference; lastKnownFileType = sourcecode.c.objc; path = tempAppDelegate.m; sourceTree = "<group>"; };
		5E34293A17E5ED6D0001BE5F /* Default.png */ = {isa = PBXFileReference; lastKnownFileType = image.png; path = Default.png; sourceTree = "<group>"; };
		5E34293C17E5ED6D0001BE5F /* Default@2x.png */ = {isa = PBXFileReference; lastKnownFileType = image.png; path = "Default@2x.png"; sourceTree = "<group>"; };
		5E34293E17E5ED6D0001BE5F /* Default-568h@2x.png */ = {isa = PBXFileReference; lastKnownFileType = image.png; path = "Default-568h@2x.png"; sourceTree = "<group>"; };
		5E34294017E5ED6D0001BE5F /* tempViewController.h */ = {isa = PBXFileReference; lastKnownFileType = sourcecode.c.h; path = tempViewController.h; sourceTree = "<group>"; };
		5E34294117E5ED6D0001BE5F /* tempViewController.m */ = {isa = PBXFileReference; lastKnownFileType = sourcecode.c.objc; path = tempViewController.m; sourceTree = "<group>"; };
		5E34294417E5ED6D0001BE5F /* en */ = {isa = PBXFileReference; lastKnownFileType = file.xib; name = en; path = en.lproj/tempViewController_iPhone.xib; sourceTree = "<group>"; };
		5E34294717E5ED6D0001BE5F /* en */ = {isa = PBXFileReference; lastKnownFileType = file.xib; name = en; path = en.lproj/tempViewController_iPad.xib; sourceTree = "<group>"; };
		5E34294E17E5ED8D0001BE5F /* libsqlite3.dylib */ = {isa = PBXFileReference; lastKnownFileType = "compiled.mach-o.dylib"; name = libsqlite3.dylib; path = usr/lib/libsqlite3.dylib; sourceTree = SDKROOT; };
		5E34295017E5EDB50001BE5F /* DBManager.h */ = {isa = PBXFileReference; fileEncoding = 4; lastKnownFileType = sourcecode.c.h; path = DBManager.h; sourceTree = "<group>"; };
		5E34295117E5EDB50001BE5F /* DBManager.m */ = {isa = PBXFileReference; fileEncoding = 4; lastKnownFileType = sourcecode.c.objc; path = DBManager.m; sourceTree = "<group>"; };
		5E695C5917F5601B0011C6C1 /* db.sqlite */ = {isa = PBXFileReference; lastKnownFileType = file; name = db.sqlite; path = ../../db.sqlite; sourceTree = "<group>"; };
/* End PBXFileReference section */

/* Begin PBXFrameworksBuildPhase section */
		5E34292217E5ED6C0001BE5F /* Frameworks */ = {
			isa = PBXFrameworksBuildPhase;
			buildActionMask = 2147483647;
			files = (
				5E34294F17E5ED8D0001BE5F /* libsqlite3.dylib in Frameworks */,
				5E34292917E5ED6C0001BE5F /* UIKit.framework in Frameworks */,
				5E34292B17E5ED6C0001BE5F /* Foundation.framework in Frameworks */,
				5E34292D17E5ED6C0001BE5F /* CoreGraphics.framework in Frameworks */,
			);
			runOnlyForDeploymentPostprocessing = 0;
		};
/* End PBXFrameworksBuildPhase section */

/* Begin PBXGroup section */
		5E34291C17E5ED6C0001BE5F = {
			isa = PBXGroup;
			children = (
				5E695C5917F5601B0011C6C1 /* db.sqlite */,
				5E34294E17E5ED8D0001BE5F /* libsqlite3.dylib */,
				5E34292E17E5ED6C0001BE5F /* lab5 */,
				5E34292717E5ED6C0001BE5F /* Frameworks */,
				5E34292617E5ED6C0001BE5F /* Products */,
			);
			sourceTree = "<group>";
		};
		5E34292617E5ED6C0001BE5F /* Products */ = {
			isa = PBXGroup;
			children = (
				5E34292517E5ED6C0001BE5F /* lab5.app */,
			);
			name = Products;
			sourceTree = "<group>";
		};
		5E34292717E5ED6C0001BE5F /* Frameworks */ = {
			isa = PBXGroup;
			children = (
				5E34292817E5ED6C0001BE5F /* UIKit.framework */,
				5E34292A17E5ED6C0001BE5F /* Foundation.framework */,
				5E34292C17E5ED6C0001BE5F /* CoreGraphics.framework */,
			);
			name = Frameworks;
			sourceTree = "<group>";
		};
		5E34292E17E5ED6C0001BE5F /* lab5 */ = {
			isa = PBXGroup;
			children = (
				5E34293717E5ED6C0001BE5F /* tempAppDelegate.h */,
				5E34293817E5ED6C0001BE5F /* tempAppDelegate.m */,
				5E34294017E5ED6D0001BE5F /* tempViewController.h */,
				5E34294117E5ED6D0001BE5F /* tempViewController.m */,
				5E34294317E5ED6D0001BE5F /* tempViewController_iPhone.xib */,
				5E34294617E5ED6D0001BE5F /* tempViewController_iPad.xib */,
				5E34292F17E5ED6C0001BE5F /* Supporting Files */,
				5E34295017E5EDB50001BE5F /* DBManager.h */,
				5E34295117E5EDB50001BE5F /* DBManager.m */,
			);
			path = lab5;
			sourceTree = "<group>";
		};
		5E34292F17E5ED6C0001BE5F /* Supporting Files */ = {
			isa = PBXGroup;
			children = (
				5E34293017E5ED6C0001BE5F /* lab5-Info.plist */,
				5E34293117E5ED6C0001BE5F /* InfoPlist.strings */,
				5E34293417E5ED6C0001BE5F /* main.m */,
				5E34293617E5ED6C0001BE5F /* lab5-Prefix.pch */,
				5E34293A17E5ED6D0001BE5F /* Default.png */,
				5E34293C17E5ED6D0001BE5F /* Default@2x.png */,
				5E34293E17E5ED6D0001BE5F /* Default-568h@2x.png */,
			);
			name = "Supporting Files";
			sourceTree = "<group>";
		};
/* End PBXGroup section */

/* Begin PBXNativeTarget section */
		5E34292417E5ED6C0001BE5F /* lab5 */ = {
			isa = PBXNativeTarget;
			buildConfigurationList = 5E34294B17E5ED6D0001BE5F /* Build configuration list for PBXNativeTarget "lab5" */;
			buildPhases = (
				5E34292117E5ED6C0001BE5F /* Sources */,
				5E34292217E5ED6C0001BE5F /* Frameworks */,
				5E34292317E5ED6C0001BE5F /* Resources */,
			);
			buildRules = (
			);
			dependencies = (
			);
			name = lab5;
			productName = lab5;
			productReference = 5E34292517E5ED6C0001BE5F /* lab5.app */;
			productType = "com.apple.product-type.application";
		};
/* End PBXNativeTarget section */

/* Begin PBXProject section */
		5E34291D17E5ED6C0001BE5F /* Project object */ = {
			isa = PBXProject;
			attributes = {
				CLASSPREFIX = temp;
				LastUpgradeCheck = 0460;
				ORGANIZATIONNAME = MSE;
			};
			buildConfigurationList = 5E34292017E5ED6C0001BE5F /* Build configuration list for PBXProject "lab5" */;
			compatibilityVersion = "Xcode 3.2";
			developmentRegion = English;
			hasScannedForEncodings = 0;
			knownRegions = (
				en,
			);
			mainGroup = 5E34291C17E5ED6C0001BE5F;
			productRefGroup = 5E34292617E5ED6C0001BE5F /* Products */;
			projectDirPath = "";
			projectRoot = "";
			targets = (
				5E34292417E5ED6C0001BE5F /* lab5 */,
			);
		};
/* End PBXProject section */

/* Begin PBXResourcesBuildPhase section */
		5E34292317E5ED6C0001BE5F /* Resources */ = {
			isa = PBXResourcesBuildPhase;
			buildActionMask = 2147483647;
			files = (
				5E34293317E5ED6C0001BE5F /* InfoPlist.strings in Resources */,
				5E34293B17E5ED6D0001BE5F /* Default.png in Resources */,
				5E34293D17E5ED6D0001BE5F /* Default@2x.png in Resources */,
				5E34293F17E5ED6D0001BE5F /* Default-568h@2x.png in Resources */,
				5E34294517E5ED6D0001BE5F /* tempViewController_iPhone.xib in Resources */,
				5E34294817E5ED6D0001BE5F /* tempViewController_iPad.xib in Resources */,
				5E695C5A17F5601B0011C6C1 /* db.sqlite in Resources */,
			);
			runOnlyForDeploymentPostprocessing = 0;
		};
/* End PBXResourcesBuildPhase section */

/* Begin PBXSourcesBuildPhase section */
		5E34292117E5ED6C0001BE5F /* Sources */ = {
			isa = PBXSourcesBuildPhase;
			buildActionMask = 2147483647;
			files = (
				5E34293517E5ED6C0001BE5F /* main.m in Sources */,
				5E34293917E5ED6C0001BE5F /* tempAppDelegate.m in Sources */,
				5E34294217E5ED6D0001BE5F /* tempViewController.m in Sources */,
				5E34295217E5EDB50001BE5F /* DBManager.m in Sources */,
			);
			runOnlyForDeploymentPostprocessing = 0;
		};
/* End PBXSourcesBuildPhase section */

/* Begin PBXVariantGroup section */
		5E34293117E5ED6C0001BE5F /* InfoPlist.strings */ = {
			isa = PBXVariantGroup;
			children = (
				5E34293217E5ED6C0001BE5F /* en */,
			);
			name = InfoPlist.strings;
			sourceTree = "<group>";
		};
		5E34294317E5ED6D0001BE5F /* tempViewController_iPhone.xib */ = {
			isa = PBXVariantGroup;
			children = (
				5E34294417E5ED6D0001BE5F /* en */,
			);
			name = tempViewController_iPhone.xib;
			sourceTree = "<group>";
		};
		5E34294617E5ED6D0001BE5F /* tempViewController_iPad.xib */ = {
			isa = PBXVariantGroup;
			children = (
				5E34294717E5ED6D0001BE5F /* en */,
			);
			name = tempViewController_iPad.xib;
			sourceTree = "<group>";
		};
/* End PBXVariantGroup section */

/* Begin XCBuildConfiguration section */
		5E34294917E5ED6D0001BE5F /* Debug */ = {
			isa = XCBuildConfiguration;
			buildSettings = {
				ALWAYS_SEARCH_USER_PATHS = NO;
				CLANG_CXX_LANGUAGE_STANDARD = "gnu++0x";
				CLANG_CXX_LIBRARY = "libc++";
				CLANG_ENABLE_OBJC_ARC = YES;
				CLANG_WARN_CONSTANT_CONVERSION = YES;
				CLANG_WARN_EMPTY_BODY = YES;
				CLANG_WARN_ENUM_CONVERSION = YES;
				CLANG_WARN_INT_CONVERSION = YES;
				CLANG_WARN__DUPLICATE_METHOD_MATCH = YES;
				"CODE_SIGN_IDENTITY[sdk=iphoneos*]" = "iPhone Developer";
				COPY_PHASE_STRIP = NO;
				GCC_C_LANGUAGE_STANDARD = gnu99;
				GCC_DYNAMIC_NO_PIC = NO;
				GCC_OPTIMIZATION_LEVEL = 0;
				GCC_PREPROCESSOR_DEFINITIONS = (
					"DEBUG=1",
					"$(inherited)",
				);
				GCC_SYMBOLS_PRIVATE_EXTERN = NO;
				GCC_WARN_ABOUT_RETURN_TYPE = YES;
				GCC_WARN_UNINITIALIZED_AUTOS = YES;
				GCC_WARN_UNUSED_VARIABLE = YES;
				IPHONEOS_DEPLOYMENT_TARGET = 6.1;
				ONLY_ACTIVE_ARCH = YES;
				SDKROOT = iphoneos;
				TARGETED_DEVICE_FAMILY = "1,2";
			};
			name = Debug;
		};
		5E34294A17E5ED6D0001BE5F /* Release */ = {
			isa = XCBuildConfiguration;
			buildSettings = {
				ALWAYS_SEARCH_USER_PATHS = NO;
				CLANG_CXX_LANGUAGE_STANDARD = "gnu++0x";
				CLANG_CXX_LIBRARY = "libc++";
				CLANG_ENABLE_OBJC_ARC = YES;
				CLANG_WARN_CONSTANT_CONVERSION = YES;
				CLANG_WARN_EMPTY_BODY = YES;
				CLANG_WARN_ENUM_CONVERSION = YES;
				CLANG_WARN_INT_CONVERSION = YES;
				CLANG_WARN__DUPLICATE_METHOD_MATCH = YES;
				"CODE_SIGN_IDENTITY[sdk=iphoneos*]" = "iPhone Developer";
				COPY_PHASE_STRIP = YES;
				GCC_C_LANGUAGE_STANDARD = gnu99;
				GCC_WARN_ABOUT_RETURN_TYPE = YES;
				GCC_WARN_UNINITIALIZED_AUTOS = YES;
				GCC_WARN_UNUSED_VARIABLE = YES;
				IPHONEOS_DEPLOYMENT_TARGET = 6.1;
				OTHER_CFLAGS = "-DNS_BLOCK_ASSERTIONS=1";
				SDKROOT = iphoneos;
				TARGETED_DEVICE_FAMILY = "1,2";
				VALIDATE_PRODUCT = YES;
			};
			name = Release;
		};
		5E34294C17E5ED6D0001BE5F /* Debug */ = {
			isa = XCBuildConfiguration;
			buildSettings = {
				GCC_PRECOMPILE_PREFIX_HEADER = YES;
				GCC_PREFIX_HEADER = "lab5/lab5-Prefix.pch";
				INFOPLIST_FILE = "lab5/lab5-Info.plist";
				PRODUCT_NAME = "$(TARGET_NAME)";
				WRAPPER_EXTENSION = app;
			};
			name = Debug;
		};
		5E34294D17E5ED6D0001BE5F /* Release */ = {
			isa = XCBuildConfiguration;
			buildSettings = {
				GCC_PRECOMPILE_PREFIX_HEADER = YES;
				GCC_PREFIX_HEADER = "lab5/lab5-Prefix.pch";
				INFOPLIST_FILE = "lab5/lab5-Info.plist";
				PRODUCT_NAME = "$(TARGET_NAME)";
				WRAPPER_EXTENSION = app;
			};
			name = Release;
		};
/* End XCBuildConfiguration section */

/* Begin XCConfigurationList section */
		5E34292017E5ED6C0001BE5F /* Build configuration list for PBXProject "lab5" */ = {
			isa = XCConfigurationList;
			buildConfigurations = (
				5E34294917E5ED6D0001BE5F /* Debug */,
				5E34294A17E5ED6D0001BE5F /* Release */,
			);
			defaultConfigurationIsVisible = 0;
			defaultConfigurationName = Release;
		};
		5E34294B17E5ED6D0001BE5F /* Build configuration list for PBXNativeTarget "lab5" */ = {
			isa = XCConfigurationList;
			buildConfigurations = (
				5E34294C17E5ED6D0001BE5F /* Debug */,
				5E34294D17E5ED6D0001BE5F /* Release */,
			);
			defaultConfigurationIsVisible = 0;
			defaultConfigurationName = Release;
		};
/* End XCConfigurationList section */
	};
	rootObject = 5E34291D17E5ED6C0001BE5F /* Project object */;
}
